
Microsoft Visual Studio Solution File, Format Version 12.00
Project("{FAE04EC0-301F-11D3-BF4B-00C04F79EFBC}") = "Hello World", "Hello World\Hello World.csproj", "{B5591C77-3CAF-4E24-B5F7-96D99563603A}"
EndProject
Global
	GlobalSection(SolutionConfigurationPlatforms) = preSolution
		Debug|Any CPU = Debug|Any CPU
		Release|Any CPU = Release|Any CPU
	EndGlobalSection
	GlobalSection(ProjectConfigurationPlatforms) = postSolution
		{B5591C77-3CAF-4E24-B5F7-96D99563603A}.Debug|Any CPU.ActiveCfg = Debug|Any CPU
		{B5591C77-3CAF-4E24-B5F7-96D99563603A}.Debug|Any CPU.Build.0 = Debug|Any CPU
		{B5591C77-3CAF-4E24-B5F7-96D99563603A}.Release|Any CPU.ActiveCfg = Release|Any CPU
		{B5591C77-3CAF-4E24-B5F7-96D99563603A}.Release|Any CPU.Build.0 = Release|Any CPU
	EndGlobalSection
EndGlobal
